Microsoft Visual Studio Solution File, Format Version 11.00
# Visual Studio 2008

Project("{BB5410C7-0303-BF71-D97B-3BFE78C2D7F7}") = "Lesson01", "Assembly-CSharp.csproj", "{C9CDCDF7-00B8-424E-F674-8E0B8D85C5F8}"
EndProject
Project("{BB5410C7-0303-BF71-D97B-3BFE78C2D7F7}") = "Lesson01", "Assembly-CSharp-Editor.csproj", "{C9CBAFE5-9569-0351-738F-7168EEAF9B04}"
EndProject
Global
	GlobalSection(SolutionConfigurationPlatforms) = preSolution
		Debug|Any CPU = Debug|Any CPU
		Release|Any CPU = Release|Any CPU
	EndGlobalSection
	GlobalSection(ProjectConfigurationPlatforms) = postSolution
		{C9CDCDF7-00B8-424E-F674-8E0B8D85C5F8}.Debug|Any CPU.ActiveCfg = Debug|Any CPU
		{C9CDCDF7-00B8-424E-F674-8E0B8D85C5F8}.Debug|Any CPU.Build.0 = Debug|Any CPU
		{C9CDCDF7-00B8-424E-F674-8E0B8D85C5F8}.Release|Any CPU.ActiveCfg = Release|Any CPU
		{C9CDCDF7-00B8-424E-F674-8E0B8D85C5F8}.Release|Any CPU.Build.0 = Release|Any CPU
		{C9CBAFE5-9569-0351-738F-7168EEAF9B04}.Debug|Any CPU.ActiveCfg = Debug|Any CPU
		{C9CBAFE5-9569-0351-738F-7168EEAF9B04}.Debug|Any CPU.Build.0 = Debug|Any CPU
		{C9CBAFE5-9569-0351-738F-7168EEAF9B04}.Release|Any CPU.ActiveCfg = Release|Any CPU
		{C9CBAFE5-9569-0351-738F-7168EEAF9B04}.Release|Any CPU.Build.0 = Release|Any CPU
	EndGlobalSection
	GlobalSection(SolutionProperties) = preSolution
		HideSolutionNode = FALSE
	EndGlobalSection
	GlobalSection(MonoDevelopProperties) = preSolution
		StartupItem = Assembly-CSharp.csproj
	EndGlobalSection
EndGlobal
